// !$*UTF8*$!
{
	archiveVersion = 1;
	classes = {
	};
	objectVersion = 46;
	objects = {

/* Begin PBXBuildFile section */
		31A412141A76319400EBFEF9 /* main.m in Sources */ = {isa = PBXBuildFile; fileRef = 31A412131A76319400EBFEF9 /* main.m */; };
		31A412171A76319400EBFEF9 /* AppDelegate.m in Sources */ = {isa = PBXBuildFile; fileRef = 31A412161A76319400EBFEF9 /* AppDelegate.m */; };
		31A4121A1A76319400EBFEF9 /* RootViewController.m in Sources */ = {isa = PBXBuildFile; fileRef = 31A412191A76319400EBFEF9 /* RootViewController.m */; };
		31A4121D1A76319400EBFEF9 /* DataViewController.m in Sources */ = {isa = PBXBuildFile; fileRef = 31A4121C1A76319400EBFEF9 /* DataViewController.m */; };
		31A412201A76319400EBFEF9 /* ModelController.m in Sources */ = {isa = PBXBuildFile; fileRef = 31A4121F1A76319400EBFEF9 /* ModelController.m */; };
		31A412231A76319400EBFEF9 /* Main.storyboard in Resources */ = {isa = PBXBuildFile; fileRef = 31A412211A76319400EBFEF9 /* Main.storyboard */; };
		31A412251A76319400EBFEF9 /* Images.xcassets in Resources */ = {isa = PBXBuildFile; fileRef = 31A412241A76319400EBFEF9 /* Images.xcassets */; };
		31A412281A76319400EBFEF9 /* LaunchScreen.xib in Resources */ = {isa = PBXBuildFile; fileRef = 31A412261A76319400EBFEF9 /* LaunchScreen.xib */; };
		31A412341A76319500EBFEF9 /* firstTests.m in Sources */ = {isa = PBXBuildFile; fileRef = 31A412331A76319500EBFEF9 /* firstTests.m */; };
/* End PBXBuildFile section */

/* Begin PBXContainerItemProxy section */
		31A4122E1A76319400EBFEF9 /* PBXContainerItemProxy */ = {
			isa = PBXContainerItemProxy;
			containerPortal = 31A412061A76319400EBFEF9 /* Project object */;
			proxyType = 1;
			remoteGlobalIDString = 31A4120D1A76319400EBFEF9;
			remoteInfo = first;
		};
/* End PBXContainerItemProxy section */

/* Begin PBXFileReference section */
		31A4120E1A76319400EBFEF9 /* first.app */ = {isa = PBXFileReference; explicitFileType = wrapper.application; includeInIndex = 0; path = first.app; sourceTree = BUILT_PRODUCTS_DIR; };
		31A412121A76319400EBFEF9 /* Info.plist */ = {isa = PBXFileReference; lastKnownFileType = text.plist.xml; path = Info.plist; sourceTree = "<group>"; };
		31A412131A76319400EBFEF9 /* main.m */ = {isa = PBXFileReference; lastKnownFileType = sourcecode.c.objc; path = main.m; sourceTree = "<group>"; };
		31A412151A76319400EBFEF9 /* AppDelegate.h */ = {isa = PBXFileReference; lastKnownFileType = sourcecode.c.h; path = AppDelegate.h; sourceTree = "<group>"; };
		31A412161A76319400EBFEF9 /* AppDelegate.m */ = {isa = PBXFileReference; lastKnownFileType = sourcecode.c.objc; path = AppDelegate.m; sourceTree = "<group>"; };
		31A412181A76319400EBFEF9 /* RootViewController.h */ = {isa = PBXFileReference; lastKnownFileType = sourcecode.c.h; path = RootViewController.h; sourceTree = "<group>"; };
		31A412191A76319400EBFEF9 /* RootViewController.m */ = {isa = PBXFileReference; lastKnownFileType = sourcecode.c.objc; path = RootViewController.m; sourceTree = "<group>"; };
		31A4121B1A76319400EBFEF9 /* DataViewController.h */ = {isa = PBXFileReference; lastKnownFileType = sourcecode.c.h; path = DataViewController.h; sourceTree = "<group>"; };
		31A4121C1A76319400EBFEF9 /* DataViewController.m */ = {isa = PBXFileReference; lastKnownFileType = sourcecode.c.objc; path = DataViewController.m; sourceTree = "<group>"; };
		31A4121E1A76319400EBFEF9 /* ModelController.h */ = {isa = PBXFileReference; lastKnownFileType = sourcecode.c.h; path = ModelController.h; sourceTree = "<group>"; };
		31A4121F1A76319400EBFEF9 /* ModelController.m */ = {isa = PBXFileReference; lastKnownFileType = sourcecode.c.objc; path = ModelController.m; sourceTree = "<group>"; };
		31A412221A76319400EBFEF9 /* Base */ = {isa = PBXFileReference; lastKnownFileType = file.storyboard; name = Base; path = Base.lproj/Main.storyboard; sourceTree = "<group>"; };
		31A412241A76319400EBFEF9 /* Images.xcassets */ = {isa = PBXFileReference; lastKnownFileType = folder.assetcatalog; path = Images.xcassets; sourceTree = "<group>"; };
		31A412271A76319400EBFEF9 /* Base */ = {isa = PBXFileReference; lastKnownFileType = file.xib; name = Base; path = Base.lproj/LaunchScreen.xib; sourceTree = "<group>"; };
		31A4122D1A76319400EBFEF9 /* firstTests.xctest */ = {isa = PBXFileReference; explicitFileType = wrapper.cfbundle; includeInIndex = 0; path = firstTests.xctest; sourceTree = BUILT_PRODUCTS_DIR; };
		31A412321A76319500EBFEF9 /* Info.plist */ = {isa = PBXFileReference; lastKnownFileType = text.plist.xml; path = Info.plist; sourceTree = "<group>"; };
		31A412331A76319500EBFEF9 /* firstTests.m */ = {isa = PBXFileReference; lastKnownFileType = sourcecode.c.objc; path = firstTests.m; sourceTree = "<group>"; };
/* End PBXFileReference section */

/* Begin PBXFrameworksBuildPhase section */
		31A4120B1A76319400EBFEF9 /* Frameworks */ = {
			isa = PBXFrameworksBuildPhase;
			buildActionMask = 2147483647;
			files = (
			);
			runOnlyForDeploymentPostprocessing = 0;
		};
		31A4122A1A76319400EBFEF9 /* Frameworks */ = {
			isa = PBXFrameworksBuildPhase;
			buildActionMask = 2147483647;
			files = (
			);
			runOnlyForDeploymentPostprocessing = 0;
		};
/* End PBXFrameworksBuildPhase section */

/* Begin PBXGroup section */
		31A412051A76319400EBFEF9 = {
			isa = PBXGroup;
			children = (
				31A412101A76319400EBFEF9 /* first */,
				31A412301A76319500EBFEF9 /* firstTests */,
				31A4120F1A76319400EBFEF9 /* Products */,
			);
			sourceTree = "<group>";
		};
		31A4120F1A76319400EBFEF9 /* Products */ = {
			isa = PBXGroup;
			children = (
				31A4120E1A76319400EBFEF9 /* first.app */,
				31A4122D1A76319400EBFEF9 /* firstTests.xctest */,
			);
			name = Products;
			sourceTree = "<group>";
		};
		31A412101A76319400EBFEF9 /* first */ = {
			isa = PBXGroup;
			children = (
				31A412151A76319400EBFEF9 /* AppDelegate.h */,
				31A412161A76319400EBFEF9 /* AppDelegate.m */,
				31A412181A76319400EBFEF9 /* RootViewController.h */,
				31A412191A76319400EBFEF9 /* RootViewController.m */,
				31A4121B1A76319400EBFEF9 /* DataViewController.h */,
				31A4121C1A76319400EBFEF9 /* DataViewController.m */,
				31A4121E1A76319400EBFEF9 /* ModelController.h */,
				31A4121F1A76319400EBFEF9 /* ModelController.m */,
				31A412211A76319400EBFEF9 /* Main.storyboard */,
				31A412241A76319400EBFEF9 /* Images.xcassets */,
				31A412261A76319400EBFEF9 /* LaunchScreen.xib */,
				31A412111A76319400EBFEF9 /* Supporting Files */,
			);
			path = first;
			sourceTree = "<group>";
		};
		31A412111A76319400EBFEF9 /* Supporting Files */ = {
			isa = PBXGroup;
			children = (
				31A412121A76319400EBFEF9 /* Info.plist */,
				31A412131A76319400EBFEF9 /* main.m */,
			);
			name = "Supporting Files";
			sourceTree = "<group>";
		};
		31A412301A76319500EBFEF9 /* firstTests */ = {
			isa = PBXGroup;
			children = (
				31A412331A76319500EBFEF9 /* firstTests.m */,
				31A412311A76319500EBFEF9 /* Supporting Files */,
			);
			path = firstTests;
			sourceTree = "<group>";
		};
		31A412311A76319500EBFEF9 /* Supporting Files */ = {
			isa = PBXGroup;
			children = (
				31A412321A76319500EBFEF9 /* Info.plist */,
			);
			name = "Supporting Files";
			sourceTree = "<group>";
		};
/* End PBXGroup section */

/* Begin PBXNativeTarget section */
		31A4120D1A76319400EBFEF9 /* first */ = {
			isa = PBXNativeTarget;
			buildConfigurationList = 31A412371A76319500EBFEF9 /* Build configuration list for PBXNativeTarget "first" */;
			buildPhases = (
				31A4120A1A76319400EBFEF9 /* Sources */,
				31A4120B1A76319400EBFEF9 /* Frameworks */,
				31A4120C1A76319400EBFEF9 /* Resources */,
			);
			buildRules = (
			);
			dependencies = (
			);
			name = first;
			productName = first;
			productReference = 31A4120E1A76319400EBFEF9 /* first.app */;
			productType = "com.apple.product-type.application";
		};
		31A4122C1A76319400EBFEF9 /* firstTests */ = {
			isa = PBXNativeTarget;
			buildConfigurationList = 31A4123A1A76319500EBFEF9 /* Build configuration list for PBXNativeTarget "firstTests" */;
			buildPhases = (
				31A412291A76319400EBFEF9 /* Sources */,
				31A4122A1A76319400EBFEF9 /* Frameworks */,
				31A4122B1A76319400EBFEF9 /* Resources */,
			);
			buildRules = (
			);
			dependencies = (
				31A4122F1A76319400EBFEF9 /* PBXTargetDependency */,
			);
			name = firstTests;
			productName = firstTests;
			productReference = 31A4122D1A76319400EBFEF9 /* firstTests.xctest */;
			productType = "com.apple.product-type.bundle.unit-test";
		};
/* End PBXNativeTarget section */

/* Begin PBXProject section */
		31A412061A76319400EBFEF9 /* Project object */ = {
			isa = PBXProject;
			attributes = {
				LastUpgradeCheck = 0610;
				ORGANIZATIONNAME = zhuangqi;
				TargetAttributes = {
					31A4120D1A76319400EBFEF9 = {
						CreatedOnToolsVersion = 6.1.1;
					};
					31A4122C1A76319400EBFEF9 = {
						CreatedOnToolsVersion = 6.1.1;
						TestTargetID = 31A4120D1A76319400EBFEF9;
					};
				};
			};
			buildConfigurationList = 31A412091A76319400EBFEF9 /* Build configuration list for PBXProject "first" */;
			compatibilityVersion = "Xcode 3.2";
			developmentRegion = English;
			hasScannedForEncodings = 0;
			knownRegions = (
				en,
				Base,
			);
			mainGroup = 31A412051A76319400EBFEF9;
			productRefGroup = 31A4120F1A76319400EBFEF9 /* Products */;
			projectDirPath = "";
			projectRoot = "";
			targets = (
				31A4120D1A76319400EBFEF9 /* first */,
				31A4122C1A76319400EBFEF9 /* firstTests */,
			);
		};
/* End PBXProject section */

/* Begin PBXResourcesBuildPhase section */
		31A4120C1A76319400EBFEF9 /* Resources */ = {
			isa = PBXResourcesBuildPhase;
			buildActionMask = 2147483647;
			files = (
				31A412231A76319400EBFEF9 /* Main.storyboard in Resources */,
				31A412281A76319400EBFEF9 /* LaunchScreen.xib in Resources */,
				31A412251A76319400EBFEF9 /* Images.xcassets in Resources */,
			);
			runOnlyForDeploymentPostprocessing = 0;
		};
		31A4122B1A76319400EBFEF9 /* Resources */ = {
			isa = PBXResourcesBuildPhase;
			buildActionMask = 2147483647;
			files = (
			);
			runOnlyForDeploymentPostprocessing = 0;
		};
/* End PBXResourcesBuildPhase section */

/* Begin PBXSourcesBuildPhase section */
		31A4120A1A76319400EBFEF9 /* Sources */ = {
			isa = PBXSourcesBuildPhase;
			buildActionMask = 2147483647;
			files = (
				31A4121D1A76319400EBFEF9 /* DataViewController.m in Sources */,
				31A412171A76319400EBFEF9 /* AppDelegate.m in Sources */,
				31A412201A76319400EBFEF9 /* ModelController.m in Sources */,
				31A412141A76319400EBFEF9 /* main.m in Sources */,
				31A4121A1A76319400EBFEF9 /* RootViewController.m in Sources */,
			);
			runOnlyForDeploymentPostprocessing = 0;
		};
		31A412291A76319400EBFEF9 /* Sources */ = {
			isa = PBXSourcesBuildPhase;
			buildActionMask = 2147483647;
			files = (
				31A412341A76319500EBFEF9 /* firstTests.m in Sources */,
			);
			runOnlyForDeploymentPostprocessing = 0;
		};
/* End PBXSourcesBuildPhase section */

/* Begin PBXTargetDependency section */
		31A4122F1A76319400EBFEF9 /* PBXTargetDependency */ = {
			isa = PBXTargetDependency;
			target = 31A4120D1A76319400EBFEF9 /* first */;
			targetProxy = 31A4122E1A76319400EBFEF9 /* PBXContainerItemProxy */;
		};
/* End PBXTargetDependency section */

/* Begin PBXVariantGroup section */
		31A412211A76319400EBFEF9 /* Main.storyboard */ = {
			isa = PBXVariantGroup;
			children = (
				31A412221A76319400EBFEF9 /* Base */,
			);
			name = Main.storyboard;
			sourceTree = "<group>";
		};
		31A412261A76319400EBFEF9 /* LaunchScreen.xib */ = {
			isa = PBXVariantGroup;
			children = (
				31A412271A76319400EBFEF9 /* Base */,
			);
			name = LaunchScreen.xib;
			sourceTree = "<group>";
		};
/* End PBXVariantGroup section */

/* Begin XCBuildConfiguration section */
		31A412351A76319500EBFEF9 /* Debug */ = {
			isa = XCBuildConfiguration;
			buildSettings = {
				ALWAYS_SEARCH_USER_PATHS = NO;
				CLANG_CXX_LANGUAGE_STANDARD = "gnu++0x";
				CLANG_CXX_LIBRARY = "libc++";
				CLANG_ENABLE_MODULES = YES;
				CLANG_ENABLE_OBJC_ARC = YES;
				CLANG_WARN_BOOL_CONVERSION = YES;
				CLANG_WARN_CONSTANT_CONVERSION = YES;
				CLANG_WARN_DIRECT_OBJC_ISA_USAGE = YES_ERROR;
				CLANG_WARN_EMPTY_BODY = YES;
				CLANG_WARN_ENUM_CONVERSION = YES;
				CLANG_WARN_INT_CONVERSION = YES;
				CLANG_WARN_OBJC_ROOT_CLASS = YES_ERROR;
				CLANG_WARN_UNREACHABLE_CODE = YES;
				CLANG_WARN__DUPLICATE_METHOD_MATCH = YES;
				"CODE_SIGN_IDENTITY[sdk=iphoneos*]" = "iPhone Developer";
				COPY_PHASE_STRIP = NO;
				ENABLE_STRICT_OBJC_MSGSEND = YES;
				GCC_C_LANGUAGE_STANDARD = gnu99;
				GCC_DYNAMIC_NO_PIC = NO;
				GCC_OPTIMIZATION_LEVEL = 0;
				GCC_PREPROCESSOR_DEFINITIONS = (
					"DEBUG=1",
					"$(inherited)",
				);
				GCC_SYMBOLS_PRIVATE_EXTERN = NO;
				GCC_WARN_64_TO_32_BIT_CONVERSION = YES;
				GCC_WARN_ABOUT_RETURN_TYPE = YES_ERROR;
				GCC_WARN_UNDECLARED_SELECTOR = YES;
				GCC_WARN_UNINITIALIZED_AUTOS = YES_AGGRESSIVE;
				GCC_WARN_UNUSED_FUNCTION = YES;
				GCC_WARN_UNUSED_VARIABLE = YES;
				IPHONEOS_DEPLOYMENT_TARGET = 8.1;
				MTL_ENABLE_DEBUG_INFO = YES;
				ONLY_ACTIVE_ARCH = YES;
				SDKROOT = iphoneos;
			};
			name = Debug;
		};
		31A412361A76319500EBFEF9 /* Release */ = {
			isa = XCBuildConfiguration;
			buildSettings = {
				ALWAYS_SEARCH_USER_PATHS = NO;
				CLANG_CXX_LANGUAGE_STANDARD = "gnu++0x";
				CLANG_CXX_LIBRARY = "libc++";
				CLANG_ENABLE_MODULES = YES;
				CLANG_ENABLE_OBJC_ARC = YES;
				CLANG_WARN_BOOL_CONVERSION = YES;
				CLANG_WARN_CONSTANT_CONVERSION = YES;
				CLANG_WARN_DIRECT_OBJC_ISA_USAGE = YES_ERROR;
				CLANG_WARN_EMPTY_BODY = YES;
				CLANG_WARN_ENUM_CONVERSION = YES;
				CLANG_WARN_INT_CONVERSION = YES;
				CLANG_WARN_OBJC_ROOT_CLASS = YES_ERROR;
				CLANG_WARN_UNREACHABLE_CODE = YES;
				CLANG_WARN__DUPLICATE_METHOD_MATCH = YES;
				"CODE_SIGN_IDENTITY[sdk=iphoneos*]" = "iPhone Developer";
				COPY_PHASE_STRIP = YES;
				ENABLE_NS_ASSERTIONS = NO;
				ENABLE_STRICT_OBJC_MSGSEND = YES;
				GCC_C_LANGUAGE_STANDARD = gnu99;
				GCC_WARN_64_TO_32_BIT_CONVERSION = YES;
				GCC_WARN_ABOUT_RETURN_TYPE = YES_ERROR;
				GCC_WARN_UNDECLARED_SELECTOR = YES;
				GCC_WARN_UNINITIALIZED_AUTOS = YES_AGGRESSIVE;
				GCC_WARN_UNUSED_FUNCTION = YES;
				GCC_WARN_UNUSED_VARIABLE = YES;
				IPHONEOS_DEPLOYMENT_TARGET = 8.1;
				MTL_ENABLE_DEBUG_INFO = NO;
				SDKROOT = iphoneos;
				VALIDATE_PRODUCT = YES;
			};
			name = Release;
		};
		31A412381A76319500EBFEF9 /* Debug */ = {
			isa = XCBuildConfiguration;
			buildSettings = {
				ASSETCATALOG_COMPILER_APPICON_NAME = AppIcon;
				INFOPLIST_FILE = first/Info.plist;
				LD_RUNPATH_SEARCH_PATHS = "$(inherited) @executable_path/Frameworks";
				PRODUCT_NAME = "$(TARGET_NAME)";
			};
			name = Debug;
		};
		31A412391A76319500EBFEF9 /* Release */ = {
			isa = XCBuildConfiguration;
			buildSettings = {
				ASSETCATALOG_COMPILER_APPICON_NAME = AppIcon;
				INFOPLIST_FILE = first/Info.plist;
				LD_RUNPATH_SEARCH_PATHS = "$(inherited) @executable_path/Frameworks";
				PRODUCT_NAME = "$(TARGET_NAME)";
			};
			name = Release;
		};
		31A4123B1A76319500EBFEF9 /* Debug */ = {
			isa = XCBuildConfiguration;
			buildSettings = {
				BUNDLE_LOADER = "$(TEST_HOST)";
				FRAMEWORK_SEARCH_PATHS = (
					"$(SDKROOT)/Developer/Library/Frameworks",
					"$(inherited)",
				);
				GCC_PREPROCESSOR_DEFINITIONS = (
					"DEBUG=1",
					"$(inherited)",
				);
				INFOPLIST_FILE = firstTests/Info.plist;
				LD_RUNPATH_SEARCH_PATHS = "$(inherited) @executable_path/Frameworks @loader_path/Frameworks";
				PRODUCT_NAME = "$(TARGET_NAME)";
				TEST_HOST = "$(BUILT_PRODUCTS_DIR)/first.app/first";
			};
			name = Debug;
		};
		31A4123C1A76319500EBFEF9 /* Release */ = {
			isa = XCBuildConfiguration;
			buildSettings = {
				BUNDLE_LOADER = "$(TEST_HOST)";
				FRAMEWORK_SEARCH_PATHS = (
					"$(SDKROOT)/Developer/Library/Frameworks",
					"$(inherited)",
				);
				INFOPLIST_FILE = firstTests/Info.plist;
				LD_RUNPATH_SEARCH_PATHS = "$(inherited) @executable_path/Frameworks @loader_path/Frameworks";
				PRODUCT_NAME = "$(TARGET_NAME)";
				TEST_HOST = "$(BUILT_PRODUCTS_DIR)/first.app/first";
			};
			name = Release;
		};
/* End XCBuildConfiguration section */

/* Begin XCConfigurationList section */
		31A412091A76319400EBFEF9 /* Build configuration list for PBXProject "first" */ = {
			isa = XCConfigurationList;
			buildConfigurations = (
				31A412351A76319500EBFEF9 /* Debug */,
				31A412361A76319500EBFEF9 /* Release */,
			);
			defaultConfigurationIsVisible = 0;
			defaultConfigurationName = Release;
		};
		31A412371A76319500EBFEF9 /* Build configuration list for PBXNativeTarget "first" */ = {
			isa = XCConfigurationList;
			buildConfigurations = (
				31A412381A76319500EBFEF9 /* Debug */,
				31A412391A76319500EBFEF9 /* Release */,
			);
			defaultConfigurationIsVisible = 0;
		};
		31A4123A1A76319500EBFEF9 /* Build configuration list for PBXNativeTarget "firstTests" */ = {
			isa = XCConfigurationList;
			buildConfigurations = (
				31A4123B1A76319500EBFEF9 /* Debug */,
				31A4123C1A76319500EBFEF9 /* Release */,
			);
			defaultConfigurationIsVisible = 0;
		};
/* End XCConfigurationList section */
	};
	rootObject = 31A412061A76319400EBFEF9 /* Project object */;
}
